
Microsoft Visual Studio Solution File, Format Version 12.00
# Visual Studio Version 17
VisualStudioVersion = 17.5.002.0
MinimumVisualStudioVersion = 10.0.40219.1
Project("{2150E333-8FDC-42A3-9474-1A3956D46DE8}") = "csharp-prep", "csharp-prep", "{1C54484F-FB2F-4DBE-9777-2FAE36E6EE5D}"
EndProject
Project("{9A19103F-16F7-4668-BE54-9A1E7A4F7556}") = "Prep1", "csharp-prep\Prep1\Prep1.csproj", "{C4D1F57E-0A96-4EB9-B5B7-E203B93C1035}"
EndProject
Project("{9A19103F-16F7-4668-BE54-9A1E7A4F7556}") = "Prep2", "csharp-prep\Prep2\Prep2.csproj", "{39BD5310-E218-4215-8A7B-D3F0B169996F}"
EndProject
Project("{9A19103F-16F7-4668-BE54-9A1E7A4F7556}") = "Prep3", "csharp-prep\Prep3\Prep3.csproj", "{1501C6B2-725F-41C6-AA82-2253F0481661}"
EndProject
Project("{9A19103F-16F7-4668-BE54-9A1E7A4F7556}") = "Prep4", "csharp-prep\Prep4\Prep4.csproj", "{F80323D7-4AE2-41F4-A6E9-B13F712869DC}"
EndProject
Project("{9A19103F-16F7-4668-BE54-9A1E7A4F7556}") = "Prep5", "csharp-prep\Prep5\Prep5.csproj", "{7896F8F7-446A-4F4A-A602-AED7D02584AF}"
EndProject
Project("{2150E333-8FDC-42A3-9474-1A3956D46DE8}") = "final", "final", "{CCC3109C-6A3A-4FDC-86B9-A8C946BC1057}"
EndProject
Project("{9A19103F-16F7-4668-BE54-9A1E7A4F7556}") = "FinalProject", "final\FinalProject\FinalProject.csproj", "{EF3C4981-7FF8-43FF-B572-34CEB63B8E9A}"
EndProject
Project("{9A19103F-16F7-4668-BE54-9A1E7A4F7556}") = "Foundation1", "final\Foundation1\Foundation1.csproj", "{AAEB5150-8596-454B-A689-99557D1D2F16}"
EndProject
Project("{9A19103F-16F7-4668-BE54-9A1E7A4F7556}") = "Foundation2", "final\Foundation2\Foundation2.csproj", "{8FF97164-6FC1-43DF-825F-5C2DDC4D803C}"
EndProject
Project("{9A19103F-16F7-4668-BE54-9A1E7A4F7556}") = "Foundation3", "final\Foundation3\Foundation3.csproj", "{5F529C23-9AAD-42F2-8EC5-2259296A906A}"
EndProject
Project("{9A19103F-16F7-4668-BE54-9A1E7A4F7556}") = "Foundation4", "final\Foundation4\Foundation4.csproj", "{3E65F025-5E8E-4F8C-B097-810ED243FB4F}"
EndProject
Project("{2150E333-8FDC-42A3-9474-1A3956D46DE8}") = "prepare", "prepare", "{5811179E-7E16-4489-820C-0A846DB94064}"
EndProject
Project("{9A19103F-16F7-4668-BE54-9A1E7A4F7556}") = "Learning02", "prepare\Learning02\Learning02.csproj", "{5B264AF5-C304-43E4-8508-E0778E51232F}"
EndProject
Project("{9A19103F-16F7-4668-BE54-9A1E7A4F7556}") = "Learning03", "prepare\Learning03\Learning03.csproj", "{EA904F90-3C94-4595-96E4-243CD837EB16}"
EndProject
Project("{9A19103F-16F7-4668-BE54-9A1E7A4F7556}") = "Learning04", "prepare\Learning04\Learning04.csproj", "{5304801C-E3F3-4FBF-BD08-FC369C7D7109}"
EndProject
Project("{9A19103F-16F7-4668-BE54-9A1E7A4F7556}") = "Learning05", "prepare\Learning05\Learning05.csproj", "{87276942-3BE8-41D3-BED5-288AC69A0F24}"
EndProject
Project("{2150E333-8FDC-42A3-9474-1A3956D46DE8}") = "prove", "prove", "{043AC410-A02B-4F81-A9EA-AF0A45E10CFA}"
EndProject
Project("{9A19103F-16F7-4668-BE54-9A1E7A4F7556}") = "Develop02", "prove\Develop02\Develop02.csproj", "{F133EBC2-FAFB-4776-8C8E-5F485CB80397}"
EndProject
Project("{9A19103F-16F7-4668-BE54-9A1E7A4F7556}") = "Develop03", "prove\Develop03\Develop03.csproj", "{E4BC8A26-010F-4994-8596-BE972084E70D}"
EndProject
Project("{9A19103F-16F7-4668-BE54-9A1E7A4F7556}") = "Develop04", "prove\Develop04\Develop04.csproj", "{2D1470A5-C21C-47EC-861C-33C284D9A70F}"
EndProject
Project("{9A19103F-16F7-4668-BE54-9A1E7A4F7556}") = "Develop05", "prove\Develop05\Develop05.csproj", "{37E95A88-30F3-49F4-B9C1-4CF57321A822}"
EndProject
Project("{2150E333-8FDC-42A3-9474-1A3956D46DE8}") = "sandbox", "sandbox", "{643757F8-6D63-4592-8F95-61875582C6AF}"
EndProject
Project("{9A19103F-16F7-4668-BE54-9A1E7A4F7556}") = "Sandbox", "sandbox\Sandbox\Sandbox.csproj", "{25FE6B9D-AEB2-43FB-B84D-946DA99AEBED}"
EndProject
Global
	GlobalSection(SolutionConfigurationPlatforms) = preSolution
		Debug|Any CPU = Debug|Any CPU
		Release|Any CPU = Release|Any CPU
	EndGlobalSection
	GlobalSection(ProjectConfigurationPlatforms) = postSolution
		{C4D1F57E-0A96-4EB9-B5B7-E203B93C1035}.Debug|Any CPU.ActiveCfg = Debug|Any CPU
		{C4D1F57E-0A96-4EB9-B5B7-E203B93C1035}.Debug|Any CPU.Build.0 = Debug|Any CPU
		{C4D1F57E-0A96-4EB9-B5B7-E203B93C1035}.Release|Any CPU.ActiveCfg = Release|Any CPU
		{C4D1F57E-0A96-4EB9-B5B7-E203B93C1035}.Release|Any CPU.Build.0 = Release|Any CPU
		{39BD5310-E218-4215-8A7B-D3F0B169996F}.Debug|Any CPU.ActiveCfg = Debug|Any CPU
		{39BD5310-E218-4215-8A7B-D3F0B169996F}.Debug|Any CPU.Build.0 = Debug|Any CPU
		{39BD5310-E218-4215-8A7B-D3F0B169996F}.Release|Any CPU.ActiveCfg = Release|Any CPU
		{39BD5310-E218-4215-8A7B-D3F0B169996F}.Release|Any CPU.Build.0 = Release|Any CPU
		{1501C6B2-725F-41C6-AA82-2253F0481661}.Debug|Any CPU.ActiveCfg = Debug|Any CPU
		{1501C6B2-725F-41C6-AA82-2253F0481661}.Debug|Any CPU.Build.0 = Debug|Any CPU
		{1501C6B2-725F-41C6-AA82-2253F0481661}.Release|Any CPU.ActiveCfg = Release|Any CPU
		{1501C6B2-725F-41C6-AA82-2253F0481661}.Release|Any CPU.Build.0 = Release|Any CPU
		{F80323D7-4AE2-41F4-A6E9-B13F712869DC}.Debug|Any CPU.ActiveCfg = Debug|Any CPU
		{F80323D7-4AE2-41F4-A6E9-B13F712869DC}.Debug|Any CPU.Build.0 = Debug|Any CPU
		{F80323D7-4AE2-41F4-A6E9-B13F712869DC}.Release|Any CPU.ActiveCfg = Release|Any CPU
		{F80323D7-4AE2-41F4-A6E9-B13F712869DC}.Release|Any CPU.Build.0 = Release|Any CPU
		{7896F8F7-446A-4F4A-A602-AED7D02584AF}.Debug|Any CPU.ActiveCfg = Debug|Any CPU
		{7896F8F7-446A-4F4A-A602-AED7D02584AF}.Debug|Any CPU.Build.0 = Debug|Any CPU
		{7896F8F7-446A-4F4A-A602-AED7D02584AF}.Release|Any CPU.ActiveCfg = Release|Any CPU
		{7896F8F7-446A-4F4A-A602-AED7D02584AF}.Release|Any CPU.Build.0 = Release|Any CPU
		{EF3C4981-7FF8-43FF-B572-34CEB63B8E9A}.Debug|Any CPU.ActiveCfg = Debug|Any CPU
		{EF3C4981-7FF8-43FF-B572-34CEB63B8E9A}.Debug|Any CPU.Build.0 = Debug|Any CPU
		{EF3C4981-7FF8-43FF-B572-34CEB63B8E9A}.Release|Any CPU.ActiveCfg = Release|Any CPU
		{EF3C4981-7FF8-43FF-B572-34CEB63B8E9A}.Release|Any CPU.Build.0 = Release|Any CPU
		{AAEB5150-8596-454B-A689-99557D1D2F16}.Debug|Any CPU.ActiveCfg = Debug|Any CPU
		{AAEB5150-8596-454B-A689-99557D1D2F16}.Debug|Any CPU.Build.0 = Debug|Any CPU
		{AAEB5150-8596-454B-A689-99557D1D2F16}.Release|Any CPU.ActiveCfg = Release|Any CPU
		{AAEB5150-8596-454B-A689-99557D1D2F16}.Release|Any CPU.Build.0 = Release|Any CPU
		{8FF97164-6FC1-43DF-825F-5C2DDC4D803C}.Debug|Any CPU.ActiveCfg = Debug|Any CPU
		{8FF97164-6FC1-43DF-825F-5C2DDC4D803C}.Debug|Any CPU.Build.0 = Debug|Any CPU
		{8FF97164-6FC1-43DF-825F-5C2DDC4D803C}.Release|Any CPU.ActiveCfg = Release|Any CPU
		{8FF97164-6FC1-43DF-825F-5C2DDC4D803C}.Release|Any CPU.Build.0 = Release|Any CPU
		{5F529C23-9AAD-42F2-8EC5-2259296A906A}.Debug|Any CPU.ActiveCfg = Debug|Any CPU
		{5F529C23-9AAD-42F2-8EC5-2259296A906A}.Debug|Any CPU.Build.0 = Debug|Any CPU
		{5F529C23-9AAD-42F2-8EC5-2259296A906A}.Release|Any CPU.ActiveCfg = Release|Any CPU
		{5F529C23-9AAD-42F2-8EC5-2259296A906A}.Release|Any CPU.Build.0 = Release|Any CPU
		{3E65F025-5E8E-4F8C-B097-810ED243FB4F}.Debug|Any CPU.ActiveCfg = Debug|Any CPU
		{3E65F025-5E8E-4F8C-B097-810ED243FB4F}.Debug|Any CPU.Build.0 = Debug|Any CPU
		{3E65F025-5E8E-4F8C-B097-810ED243FB4F}.Release|Any CPU.ActiveCfg = Release|Any CPU
		{3E65F025-5E8E-4F8C-B097-810ED243FB4F}.Release|Any CPU.Build.0 = Release|Any CPU
		{5B264AF5-C304-43E4-8508-E0778E51232F}.Debug|Any CPU.ActiveCfg = Debug|Any CPU
		{5B264AF5-C304-43E4-8508-E0778E51232F}.Debug|Any CPU.Build.0 = Debug|Any CPU
		{5B264AF5-C304-43E4-8508-E0778E51232F}.Release|Any CPU.ActiveCfg = Release|Any CPU
		{5B264AF5-C304-43E4-8508-E0778E51232F}.Release|Any CPU.Build.0 = Release|Any CPU
		{EA904F90-3C94-4595-96E4-243CD837EB16}.Debug|Any CPU.ActiveCfg = Debug|Any CPU
		{EA904F90-3C94-4595-96E4-243CD837EB16}.Debug|Any CPU.Build.0 = Debug|Any CPU
		{EA904F90-3C94-4595-96E4-243CD837EB16}.Release|Any CPU.ActiveCfg = Release|Any CPU
		{EA904F90-3C94-4595-96E4-243CD837EB16}.Release|Any CPU.Build.0 = Release|Any CPU
		{5304801C-E3F3-4FBF-BD08-FC369C7D7109}.Debug|Any CPU.ActiveCfg = Debug|Any CPU
		{5304801C-E3F3-4FBF-BD08-FC369C7D7109}.Debug|Any CPU.Build.0 = Debug|Any CPU
		{5304801C-E3F3-4FBF-BD08-FC369C7D7109}.Release|Any CPU.ActiveCfg = Release|Any CPU
		{5304801C-E3F3-4FBF-BD08-FC369C7D7109}.Release|Any CPU.Build.0 = Release|Any CPU
		{87276942-3BE8-41D3-BED5-288AC69A0F24}.Debug|Any CPU.ActiveCfg = Debug|Any CPU
		{87276942-3BE8-41D3-BED5-288AC69A0F24}.Debug|Any CPU.Build.0 = Debug|Any CPU
		{87276942-3BE8-41D3-BED5-288AC69A0F24}.Release|Any CPU.ActiveCfg = Release|Any CPU
		{87276942-3BE8-41D3-BED5-288AC69A0F24}.Release|Any CPU.Build.0 = Release|Any CPU
		{F133EBC2-FAFB-4776-8C8E-5F485CB80397}.Debug|Any CPU.ActiveCfg = Debug|Any CPU
		{F133EBC2-FAFB-4776-8C8E-5F485CB80397}.Debug|Any CPU.Build.0 = Debug|Any CPU
		{F133EBC2-FAFB-4776-8C8E-5F485CB80397}.Release|Any CPU.ActiveCfg = Release|Any CPU
		{F133EBC2-FAFB-4776-8C8E-5F485CB80397}.Release|Any CPU.Build.0 = Release|Any CPU
		{E4BC8A26-010F-4994-8596-BE972084E70D}.Debug|Any CPU.ActiveCfg = Debug|Any CPU
		{E4BC8A26-010F-4994-8596-BE972084E70D}.Debug|Any CPU.Build.0 = Debug|Any CPU
		{E4BC8A26-010F-4994-8596-BE972084E70D}.Release|Any CPU.ActiveCfg = Release|Any CPU
		{E4BC8A26-010F-4994-8596-BE972084E70D}.Release|Any CPU.Build.0 = Release|Any CPU
		{2D1470A5-C21C-47EC-861C-33C284D9A70F}.Debug|Any CPU.ActiveCfg = Debug|Any CPU
		{2D1470A5-C21C-47EC-861C-33C284D9A70F}.Debug|Any CPU.Build.0 = Debug|Any CPU
		{2D1470A5-C21C-47EC-861C-33C284D9A70F}.Release|Any CPU.ActiveCfg = Release|Any CPU
		{2D1470A5-C21C-47EC-861C-33C284D9A70F}.Release|Any CPU.Build.0 = Release|Any CPU
		{37E95A88-30F3-49F4-B9C1-4CF57321A822}.Debug|Any CPU.ActiveCfg = Debug|Any CPU
		{37E95A88-30F3-49F4-B9C1-4CF57321A822}.Debug|Any CPU.Build.0 = Debug|Any CPU
		{37E95A88-30F3-49F4-B9C1-4CF57321A822}.Release|Any CPU.ActiveCfg = Release|Any CPU
		{37E95A88-30F3-49F4-B9C1-4CF57321A822}.Release|Any CPU.Build.0 = Release|Any CPU
		{25FE6B9D-AEB2-43FB-B84D-946DA99AEBED}.Debug|Any CPU.ActiveCfg = Debug|Any CPU
		{25FE6B9D-AEB2-43FB-B84D-946DA99AEBED}.Debug|Any CPU.Build.0 = Debug|Any CPU
		{25FE6B9D-AEB2-43FB-B84D-946DA99AEBED}.Release|Any CPU.ActiveCfg = Release|Any CPU
		{25FE6B9D-AEB2-43FB-B84D-946DA99AEBED}.Release|Any CPU.Build.0 = Release|Any CPU
	EndGlobalSection
	GlobalSection(SolutionProperties) = preSolution
		HideSolutionNode = FALSE
	EndGlobalSection
	GlobalSection(NestedProjects) = preSolution
		{C4D1F57E-0A96-4EB9-B5B7-E203B93C1035} = {1C54484F-FB2F-4DBE-9777-2FAE36E6EE5D}
		{39BD5310-E218-4215-8A7B-D3F0B169996F} = {1C54484F-FB2F-4DBE-9777-2FAE36E6EE5D}
		{1501C6B2-725F-41C6-AA82-2253F0481661} = {1C54484F-FB2F-4DBE-9777-2FAE36E6EE5D}
		{F80323D7-4AE2-41F4-A6E9-B13F712869DC} = {1C54484F-FB2F-4DBE-9777-2FAE36E6EE5D}
		{7896F8F7-446A-4F4A-A602-AED7D02584AF} = {1C54484F-FB2F-4DBE-9777-2FAE36E6EE5D}
		{EF3C4981-7FF8-43FF-B572-34CEB63B8E9A} = {CCC3109C-6A3A-4FDC-86B9-A8C946BC1057}
		{AAEB5150-8596-454B-A689-99557D1D2F16} = {CCC3109C-6A3A-4FDC-86B9-A8C946BC1057}
		{8FF97164-6FC1-43DF-825F-5C2DDC4D803C} = {CCC3109C-6A3A-4FDC-86B9-A8C946BC1057}
		{5F529C23-9AAD-42F2-8EC5-2259296A906A} = {CCC3109C-6A3A-4FDC-86B9-A8C946BC1057}
		{3E65F025-5E8E-4F8C-B097-810ED243FB4F} = {CCC3109C-6A3A-4FDC-86B9-A8C946BC1057}
		{5B264AF5-C304-43E4-8508-E0778E51232F} = {5811179E-7E16-4489-820C-0A846DB94064}
		{EA904F90-3C94-4595-96E4-243CD837EB16} = {5811179E-7E16-4489-820C-0A846DB94064}
		{5304801C-E3F3-4FBF-BD08-FC369C7D7109} = {5811179E-7E16-4489-820C-0A846DB94064}
		{87276942-3BE8-41D3-BED5-288AC69A0F24} = {5811179E-7E16-4489-820C-0A846DB94064}
		{F133EBC2-FAFB-4776-8C8E-5F485CB80397} = {043AC410-A02B-4F81-A9EA-AF0A45E10CFA}
		{E4BC8A26-010F-4994-8596-BE972084E70D} = {043AC410-A02B-4F81-A9EA-AF0A45E10CFA}
		{2D1470A5-C21C-47EC-861C-33C284D9A70F} = {043AC410-A02B-4F81-A9EA-AF0A45E10CFA}
		{37E95A88-30F3-49F4-B9C1-4CF57321A822} = {043AC410-A02B-4F81-A9EA-AF0A45E10CFA}
		{25FE6B9D-AEB2-43FB-B84D-946DA99AEBED} = {643757F8-6D63-4592-8F95-61875582C6AF}
	EndGlobalSection
	GlobalSection(ExtensibilityGlobals) = postSolution
		SolutionGuid = {6C17362C-DD67-43A4-B45A-E88511CB20F4}
	EndGlobalSection
EndGlobal
